PODS:
  - FaceCaptcha (5.1.0):
    - OILiveness3D_FT (= 9.6.40)
  - OILiveness3D_FT (9.6.40)

DEPENDENCIES:
  - FaceCaptcha (from `../`)

SPEC REPOS:
  https://github.com/oititec/liveness-ios-specs.git:
    - OILiveness3D_FT

EXTERNAL SOURCES:
  FaceCaptcha:
    :path: "../"

SPEC CHECKSUMS:
  FaceCaptcha: c7a0c6f1ab926db0c35de3fb85dda1cab31962e7
  OILiveness3D_FT: a58ceb6ea1b1229015434125d25b78b46f7667a9

PODFILE CHECKSUM: e0fe57ceffa0d3e140e07853a4cf95cae4a575b6

COCOAPODS: 1.12.1
