PODS:
  - FaceCaptcha (4.1.2):
    - OILiveness3D_FT (= 9.6.29)
  - OILiveness3D_FT (9.6.29)

DEPENDENCIES:
  - FaceCaptcha (from `../`)

SPEC REPOS:
  https://github.com/oititec/liveness-ios-specs.git:
    - OILiveness3D_FT

EXTERNAL SOURCES:
  FaceCaptcha:
    :path: "../"

SPEC CHECKSUMS:
  FaceCaptcha: d9c48e8bd3c9cfc0aa56b39e87d887c0fcf005d5
  OILiveness3D_FT: c704986679d4008a135db9ab04e8625221653545

PODFILE CHECKSUM: e0fe57ceffa0d3e140e07853a4cf95cae4a575b6

COCOAPODS: 1.12.0
