PODS:
  - FaceCaptcha (3.1.0)

DEPENDENCIES:
  - FaceCaptcha (~> 3.1.0)

SPEC REPOS:
  https://github.com/oititec/liveness-ios-specs.git:
    - FaceCaptcha

SPEC CHECKSUMS:
  FaceCaptcha: 1580d5b4560ffaae114b0f0a6b40794f2f6879cb

PODFILE CHECKSUM: 7b843829a68077747d12d72ec5f3493700723943

COCOAPODS: 1.10.1
